{
  "nodes": {
    "blackbox-src": {
      "flake": false,
      "locked": {
        "lastModified": 1660669382,
        "narHash": "sha256-8u4qHC8+3rKDFNdg5kI48dBgAm3d6ESXN5H9aT/nIBY=",
        "ref": "main",
        "rev": "c9ed9fd1e50b5be15ed0529e3536c63aa4b23553",
        "revCount": 247,
        "type": "git",
        "url": "https://gitlab.gnome.org/raggesilver/blackbox"
      },
      "original": {
        "ref": "main",
        "type": "git",
        "url": "https://gitlab.gnome.org/raggesilver/blackbox"
      }
    },
    "marble-src": {
      "flake": false,
      "locked": {
        "lastModified": 1650416394,
        "narHash": "sha256-0VJ9nyjWOOdLBm3ufleS/xcAS5YsSedJ2NtBjyM3uaY=",
        "ref": "wip/gtk4",
        "rev": "6dcc6fefa35f0151b0549c01bd774750fe6bdef8",
        "revCount": 31,
        "type": "git",
        "url": "https://gitlab.gnome.org/raggesilver/marble"
      },
      "original": {
        "ref": "wip/gtk4",
        "type": "git",
        "url": "https://gitlab.gnome.org/raggesilver/marble"
      }
    },
    "nixpkgs": {
      "locked": {
        "lastModified": 1660819943,
        "narHash": "sha256-TRZV/mlW1eYuojqDC3ueYWj7jsTKXJCtyMLNYX/Ybtw=",
        "owner": "NixOS",
        "repo": "nixpkgs",
        "rev": "8ea014acc33da95ea56c902229957d8225005163",
        "type": "github"
      },
      "original": {
        "owner": "NixOS",
        "ref": "nixos-unstable",
        "repo": "nixpkgs",
        "type": "github"
      }
    },
    "root": {
      "inputs": {
        "blackbox-src": "blackbox-src",
        "marble-src": "marble-src",
        "nixpkgs": "nixpkgs",
        "vte-src": "vte-src"
      }
    },
    "vte-src": {
      "flake": false,
      "locked": {
        "lastModified": 1660860193,
        "narHash": "sha256-Th7Jlll9DIGuB4dySAfTGI6TXyTl0AfRE0EgT0exrJs=",
        "ref": "master",
        "rev": "b4abc09b0950e2b1593782116b7fa9fc2e7ffba1",
        "revCount": 5209,
        "type": "git",
        "url": "https://gitlab.gnome.org/gnome/vte"
      },
      "original": {
        "ref": "master",
        "type": "git",
        "url": "https://gitlab.gnome.org/gnome/vte"
      }
    }
  },
  "root": "root",
  "version": 7
}
