{
  "nodes": {
    "blackbox-src": {
      "flake": false,
      "locked": {
        "lastModified": 1654745531,
        "narHash": "sha256-X/cr3fjmzhtHJHliMtxlUQP3KssEh/B8ZeeZyWyuD/8=",
        "ref": "main",
        "rev": "e0f2fbfcde64251a0083715c295cd91ba6e0a2a1",
        "revCount": 107,
        "type": "git",
        "url": "https://gitlab.gnome.org/raggesilver/blackbox"
      },
      "original": {
        "ref": "main",
        "type": "git",
        "url": "https://gitlab.gnome.org/raggesilver/blackbox"
      }
    },
    "marble-src": {
      "flake": false,
      "locked": {
        "lastModified": 1650416394,
        "narHash": "sha256-0VJ9nyjWOOdLBm3ufleS/xcAS5YsSedJ2NtBjyM3uaY=",
        "ref": "wip/gtk4",
        "rev": "6dcc6fefa35f0151b0549c01bd774750fe6bdef8",
        "revCount": 31,
        "type": "git",
        "url": "https://gitlab.gnome.org/raggesilver/marble"
      },
      "original": {
        "ref": "wip/gtk4",
        "type": "git",
        "url": "https://gitlab.gnome.org/raggesilver/marble"
      }
    },
    "nixpkgs": {
      "locked": {
        "lastModified": 1655400192,
        "narHash": "sha256-49OBVVRgb9H/PSmNT9W61+NRdDbuSJVuDDflwXlaUKU=",
        "owner": "NixOS",
        "repo": "nixpkgs",
        "rev": "3d7435c638baffaa826b85459df0fff47f12317d",
        "type": "github"
      },
      "original": {
        "owner": "NixOS",
        "ref": "nixos-unstable",
        "repo": "nixpkgs",
        "type": "github"
      }
    },
    "root": {
      "inputs": {
        "blackbox-src": "blackbox-src",
        "marble-src": "marble-src",
        "nixpkgs": "nixpkgs",
        "vte-src": "vte-src"
      }
    },
    "vte-src": {
      "flake": false,
      "locked": {
        "lastModified": 1652120268,
        "narHash": "sha256-VsRrww0KpQbDQH7ClAoocLzhR0grNPKZvYcCJFdYqaU=",
        "ref": "master",
        "rev": "b51feeca889d4b597e95b21bc77dc078892af11d",
        "revCount": 5173,
        "type": "git",
        "url": "https://gitlab.gnome.org/gnome/vte"
      },
      "original": {
        "ref": "master",
        "type": "git",
        "url": "https://gitlab.gnome.org/gnome/vte"
      }
    }
  },
  "root": "root",
  "version": 7
}
